
Microsoft Visual Studio Solution File, Format Version 12.00
# Visual Studio Version 16
VisualStudioVersion = 16.0.31129.286
MinimumVisualStudioVersion = 10.0.40219.1
Project("{FAE04EC0-301F-11D3-BF4B-00C04F79EFBC}") = "Refining App Albion", "Refining App Albion\Refining App Albion.csproj", "{B946F813-4420-4CBA-88D0-49FD9BEAA0A4}"
EndProject
Global
	GlobalSection(SolutionConfigurationPlatforms) = preSolution
		Debug|Any CPU = Debug|Any CPU
		Release|Any CPU = Release|Any CPU
	EndGlobalSection
	GlobalSection(ProjectConfigurationPlatforms) = postSolution
		{B946F813-4420-4CBA-88D0-49FD9BEAA0A4}.Debug|Any CPU.ActiveCfg = Debug|Any CPU
		{B946F813-4420-4CBA-88D0-49FD9BEAA0A4}.Debug|Any CPU.Build.0 = Debug|Any CPU
		{B946F813-4420-4CBA-88D0-49FD9BEAA0A4}.Release|Any CPU.ActiveCfg = Release|Any CPU
		{B946F813-4420-4CBA-88D0-49FD9BEAA0A4}.Release|Any CPU.Build.0 = Release|Any CPU
	EndGlobalSection
	GlobalSection(SolutionProperties) = preSolution
		HideSolutionNode = FALSE
	EndGlobalSection
	GlobalSection(ExtensibilityGlobals) = postSolution
		SolutionGuid = {A45EDDD8-3B90-4A0C-8435-B5D649D09D02}
	EndGlobalSection
EndGlobal
